{
	"name": "@repomix/tree-sitter-wasms",
	"version": "0.1.15",
	"lockfileVersion": 3,
	"requires": true,
	"packages": {
		"": {
			"name": "@repomix/tree-sitter-wasms",
			"version": "0.1.15",
			"license": "Unlicense",
			"devDependencies": {
				"@biomejs/biome": "^2.3.4",
				"@types/find-root": "^1.1.4",
				"@types/node": "^24.10.0",
				"@typescript/native-preview": "^7.0.0-dev.20251108.1",
				"find-root": "^1.1.0",
				"oxlint": "^1.26.0",
				"tree-sitter-c": "^0.24.1",
				"tree-sitter-c-sharp": "^0.23.1",
				"tree-sitter-cli": "^0.25.10",
				"tree-sitter-cpp": "^0.23.4",
				"tree-sitter-css": "^0.25.0",
				"tree-sitter-dart": "github:UserNobody14/tree-sitter-dart",
				"tree-sitter-go": "^0.25.0",
				"tree-sitter-java": "^0.23.5",
				"tree-sitter-javascript": "^0.25.0",
				"tree-sitter-php": "^0.24.2",
				"tree-sitter-python": "^0.25.0",
				"tree-sitter-ruby": "^0.23.1",
				"tree-sitter-rust": "^0.24.0",
				"tree-sitter-solidity": "github:JoranHonig/tree-sitter-solidity#4e938a46c7030dd001bc99e1ac0f0c750ac98254",
				"tree-sitter-swift": "^0.7.1",
				"tree-sitter-typescript": "^0.23.2",
				"tree-sitter-vue": "https://github.com/tree-sitter-grammars/tree-sitter-vue#22bdfa6c9fc0f5ffa44c6e938ec46869ac8a99ff",
				"ts-node": "^10.9.2",
				"typescript": "^5.9.3"
			}
		},
		"node_modules/@biomejs/biome": {
			"version": "2.3.4",
			"resolved": "https://registry.npmjs.org/@biomejs/biome/-/biome-2.3.4.tgz",
			"integrity": "sha512-TU08LXjBHdy0mEY9APtEtZdNQQijXUDSXR7IK1i45wgoPD5R0muK7s61QcFir6FpOj/RP1+YkPx5QJlycXUU3w==",
			"dev": true,
			"license": "MIT OR Apache-2.0",
			"bin": {
				"biome": "bin/biome"
			},
			"engines": {
				"node": ">=14.21.3"
			},
			"funding": {
				"type": "opencollective",
				"url": "https://opencollective.com/biome"
			},
			"optionalDependencies": {
				"@biomejs/cli-darwin-arm64": "2.3.4",
				"@biomejs/cli-darwin-x64": "2.3.4",
				"@biomejs/cli-linux-arm64": "2.3.4",
				"@biomejs/cli-linux-arm64-musl": "2.3.4",
				"@biomejs/cli-linux-x64": "2.3.4",
				"@biomejs/cli-linux-x64-musl": "2.3.4",
				"@biomejs/cli-win32-arm64": "2.3.4",
				"@biomejs/cli-win32-x64": "2.3.4"
			}
		},
		"node_modules/@biomejs/cli-darwin-arm64": {
			"version": "2.3.4",
			"resolved": "https://registry.npmjs.org/@biomejs/cli-darwin-arm64/-/cli-darwin-arm64-2.3.4.tgz",
			"integrity": "sha512-w40GvlNzLaqmuWYiDU6Ys9FNhJiclngKqcGld3iJIiy2bpJ0Q+8n3haiaC81uTPY/NA0d8Q/I3Z9+ajc14102Q==",
			"cpu": [
				"arm64"
			],
			"dev": true,
			"license": "MIT OR Apache-2.0",
			"optional": true,
			"os": [
				"darwin"
			],
			"engines": {
				"node": ">=14.21.3"
			}
		},
		"node_modules/@biomejs/cli-darwin-x64": {
			"version": "2.3.4",
			"resolved": "https://registry.npmjs.org/@biomejs/cli-darwin-x64/-/cli-darwin-x64-2.3.4.tgz",
			"integrity": "sha512-3s7TLVtjJ7ni1xADXsS7x7GMUrLBZXg8SemXc3T0XLslzvqKj/dq1xGeBQ+pOWQzng9MaozfacIHdK2UlJ3jGA==",
			"cpu": [
				"x64"
			],
			"dev": true,
			"license": "MIT OR Apache-2.0",
			"optional": true,
			"os": [
				"darwin"
			],
			"engines": {
				"node": ">=14.21.3"
			}
		},
		"node_modules/@biomejs/cli-linux-arm64": {
			"version": "2.3.4",
			"resolved": "https://registry.npmjs.org/@biomejs/cli-linux-arm64/-/cli-linux-arm64-2.3.4.tgz",
			"integrity": "sha512-y7efHyyM2gYmHy/AdWEip+VgTMe9973aP7XYKPzu/j8JxnPHuSUXftzmPhkVw0lfm4ECGbdBdGD6+rLmTgNZaA==",
			"cpu": [
				"arm64"
			],
			"dev": true,
			"license": "MIT OR Apache-2.0",
			"optional": true,
			"os": [
				"linux"
			],
			"engines": {
				"node": ">=14.21.3"
			}
		},
		"node_modules/@biomejs/cli-linux-arm64-musl": {
			"version": "2.3.4",
			"resolved": "https://registry.npmjs.org/@biomejs/cli-linux-arm64-musl/-/cli-linux-arm64-musl-2.3.4.tgz",
			"integrity": "sha512-IruVGQRwMURivWazchiq7gKAqZSFs5so6gi0hJyxk7x6HR+iwZbO2IxNOqyLURBvL06qkIHs7Wffl6Bw30vCbQ==",
			"cpu": [
				"arm64"
			],
			"dev": true,
			"license": "MIT OR Apache-2.0",
			"optional": true,
			"os": [
				"linux"
			],
			"engines": {
				"node": ">=14.21.3"
			}
		},
		"node_modules/@biomejs/cli-linux-x64": {
			"version": "2.3.4",
			"resolved": "https://registry.npmjs.org/@biomejs/cli-linux-x64/-/cli-linux-x64-2.3.4.tgz",
			"integrity": "sha512-gKfjWR/6/dfIxPJCw8REdEowiXCkIpl9jycpNVHux8aX2yhWPLjydOshkDL6Y/82PcQJHn95VCj7J+BRcE5o1Q==",
			"cpu": [
				"x64"
			],
			"dev": true,
			"license": "MIT OR Apache-2.0",
			"optional": true,
			"os": [
				"linux"
			],
			"engines": {
				"node": ">=14.21.3"
			}
		},
		"node_modules/@biomejs/cli-linux-x64-musl": {
			"version": "2.3.4",
			"resolved": "https://registry.npmjs.org/@biomejs/cli-linux-x64-musl/-/cli-linux-x64-musl-2.3.4.tgz",
			"integrity": "sha512-mzKFFv/w66e4/jCobFmD3kymCqG+FuWE7sVa4Yjqd9v7qt2UhXo67MSZKY9Ih18V2IwPzRKQPCw6KwdZs6AXSA==",
			"cpu": [
				"x64"
			],
			"dev": true,
			"license": "MIT OR Apache-2.0",
			"optional": true,
			"os": [
				"linux"
			],
			"engines": {
				"node": ">=14.21.3"
			}
		},
		"node_modules/@biomejs/cli-win32-arm64": {
			"version": "2.3.4",
			"resolved": "https://registry.npmjs.org/@biomejs/cli-win32-arm64/-/cli-win32-arm64-2.3.4.tgz",
			"integrity": "sha512-5TJ6JfVez+yyupJ/iGUici2wzKf0RrSAxJhghQXtAEsc67OIpdwSKAQboemILrwKfHDi5s6mu7mX+VTCTUydkw==",
			"cpu": [
				"arm64"
			],
			"dev": true,
			"license": "MIT OR Apache-2.0",
			"optional": true,
			"os": [
				"win32"
			],
			"engines": {
				"node": ">=14.21.3"
			}
		},
		"node_modules/@biomejs/cli-win32-x64": {
			"version": "2.3.4",
			"resolved": "https://registry.npmjs.org/@biomejs/cli-win32-x64/-/cli-win32-x64-2.3.4.tgz",
			"integrity": "sha512-FGCijXecmC4IedQ0esdYNlMpx0Jxgf4zceCaMu6fkjWyjgn50ZQtMiqZZQ0Q/77yqPxvtkgZAvt5uGw0gAAjig==",
			"cpu": [
				"x64"
			],
			"dev": true,
			"license": "MIT OR Apache-2.0",
			"optional": true,
			"os": [
				"win32"
			],
			"engines": {
				"node": ">=14.21.3"
			}
		},
		"node_modules/@cspotcode/source-map-support": {
			"version": "0.8.1",
			"dev": true,
			"license": "MIT",
			"dependencies": {
				"@jridgewell/trace-mapping": "0.3.9"
			},
			"engines": {
				"node": ">=12"
			}
		},
		"node_modules/@jridgewell/resolve-uri": {
			"version": "3.1.2",
			"dev": true,
			"license": "MIT",
			"engines": {
				"node": ">=6.0.0"
			}
		},
		"node_modules/@jridgewell/sourcemap-codec": {
			"version": "1.5.5",
			"dev": true,
			"license": "MIT"
		},
		"node_modules/@jridgewell/trace-mapping": {
			"version": "0.3.9",
			"dev": true,
			"license": "MIT",
			"dependencies": {
				"@jridgewell/resolve-uri": "^3.0.3",
				"@jridgewell/sourcemap-codec": "^1.4.10"
			}
		},
		"node_modules/@oxlint/darwin-arm64": {
			"version": "1.26.0",
			"resolved": "https://registry.npmjs.org/@oxlint/darwin-arm64/-/darwin-arm64-1.26.0.tgz",
			"integrity": "sha512-kTmm1opqyn7iZopWHO3Ml4D/44pA5eknZBepgxCnTaPrW8XgCEUI85Q5AvOOvoNve8NziTYb8ax+CyuGJIgn/Q==",
			"cpu": [
				"arm64"
			],
			"dev": true,
			"license": "MIT",
			"optional": true,
			"os": [
				"darwin"
			]
		},
		"node_modules/@oxlint/darwin-x64": {
			"version": "1.26.0",
			"resolved": "https://registry.npmjs.org/@oxlint/darwin-x64/-/darwin-x64-1.26.0.tgz",
			"integrity": "sha512-/hMfZ9j7ZzVPRmMm02PHNc6MIMk0QYv5VowZJRIp40YLqLPvFfGNGZBj8e1fDVgZMFEGWDQK3yrt1uBKxXAK4Q==",
			"cpu": [
				"x64"
			],
			"dev": true,
			"license": "MIT",
			"optional": true,
			"os": [
				"darwin"
			]
		},
		"node_modules/@oxlint/linux-arm64-gnu": {
			"version": "1.26.0",
			"resolved": "https://registry.npmjs.org/@oxlint/linux-arm64-gnu/-/linux-arm64-gnu-1.26.0.tgz",
			"integrity": "sha512-iv4wdrwdCa8bhJxOpKlvfxqTs0LgW5tKBUMvH9B13zREHm1xT9JRZ8cQbbKiyC6LNdggwu5S6TSvODgAu7/DlA==",
			"cpu": [
				"arm64"
			],
			"dev": true,
			"license": "MIT",
			"optional": true,
			"os": [
				"linux"
			]
		},
		"node_modules/@oxlint/linux-arm64-musl": {
			"version": "1.26.0",
			"resolved": "https://registry.npmjs.org/@oxlint/linux-arm64-musl/-/linux-arm64-musl-1.26.0.tgz",
			"integrity": "sha512-a3gTbnN1JzedxqYeGTkg38BAs/r3Krd2DPNs/MF7nnHthT3RzkPUk47isMePLuNc4e/Weljn7m2m/Onx22tiNg==",
			"cpu": [
				"arm64"
			],
			"dev": true,
			"license": "MIT",
			"optional": true,
			"os": [
				"linux"
			]
		},
		"node_modules/@oxlint/linux-x64-gnu": {
			"version": "1.26.0",
			"resolved": "https://registry.npmjs.org/@oxlint/linux-x64-gnu/-/linux-x64-gnu-1.26.0.tgz",
			"integrity": "sha512-cCAyqyuKpFImjlgiBuuwSF+aDBW2h19/aCmHMTMSp6KXwhoQK7/Xx7/EhZKP5wiQJzVUYq5fXr0D8WmpLGsjRg==",
			"cpu": [
				"x64"
			],
			"dev": true,
			"license": "MIT",
			"optional": true,
			"os": [
				"linux"
			]
		},
		"node_modules/@oxlint/linux-x64-musl": {
			"version": "1.26.0",
			"resolved": "https://registry.npmjs.org/@oxlint/linux-x64-musl/-/linux-x64-musl-1.26.0.tgz",
			"integrity": "sha512-8VOJ4vQo0G1tNdaghxrWKjKZGg73tv+FoMDrtNYuUesqBHZN68FkYCsgPwEsacLhCmtoZrkF3ePDWDuWEpDyAg==",
			"cpu": [
				"x64"
			],
			"dev": true,
			"license": "MIT",
			"optional": true,
			"os": [
				"linux"
			]
		},
		"node_modules/@oxlint/win32-arm64": {
			"version": "1.26.0",
			"resolved": "https://registry.npmjs.org/@oxlint/win32-arm64/-/win32-arm64-1.26.0.tgz",
			"integrity": "sha512-N8KUtzP6gfEHKvaIBZCS9g8wRfqV5v55a/B8iJjIEhtMehcEM+UX+aYRsQ4dy5oBCrK3FEp4Yy/jHgb0moLm3Q==",
			"cpu": [
				"arm64"
			],
			"dev": true,
			"license": "MIT",
			"optional": true,
			"os": [
				"win32"
			]
		},
		"node_modules/@oxlint/win32-x64": {
			"version": "1.26.0",
			"resolved": "https://registry.npmjs.org/@oxlint/win32-x64/-/win32-x64-1.26.0.tgz",
			"integrity": "sha512-7tCyG0laduNQ45vzB9blVEGq/6DOvh7AFmiUAana8mTp0zIKQQmwJ21RqhazH0Rk7O6lL7JYzKcu+zaJHGpRLA==",
			"cpu": [
				"x64"
			],
			"dev": true,
			"license": "MIT",
			"optional": true,
			"os": [
				"win32"
			]
		},
		"node_modules/@tsconfig/node10": {
			"version": "1.0.11",
			"dev": true,
			"license": "MIT"
		},
		"node_modules/@tsconfig/node12": {
			"version": "1.0.11",
			"dev": true,
			"license": "MIT"
		},
		"node_modules/@tsconfig/node14": {
			"version": "1.0.3",
			"dev": true,
			"license": "MIT"
		},
		"node_modules/@tsconfig/node16": {
			"version": "1.0.4",
			"dev": true,
			"license": "MIT"
		},
		"node_modules/@types/find-root": {
			"version": "1.1.4",
			"dev": true,
			"license": "MIT"
		},
		"node_modules/@types/node": {
			"version": "24.10.0",
			"resolved": "https://registry.npmjs.org/@types/node/-/node-24.10.0.tgz",
			"integrity": "sha512-qzQZRBqkFsYyaSWXuEHc2WR9c0a0CXwiE5FWUvn7ZM+vdy1uZLfCunD38UzhuB7YN/J11ndbDBcTmOdxJo9Q7A==",
			"dev": true,
			"license": "MIT",
			"dependencies": {
				"undici-types": "~7.16.0"
			}
		},
		"node_modules/@typescript/native-preview": {
			"version": "7.0.0-dev.20251108.1",
			"resolved": "https://registry.npmjs.org/@typescript/native-preview/-/native-preview-7.0.0-dev.20251108.1.tgz",
			"integrity": "sha512-v1SNmHbuTYMEIAAJZ5OgKY5kMIgDnS/aVTsP9FdR9FgqyZqgUbA2eHOjjMQHVw/XBLS5ZA32kkGt7cH8RzMlOA==",
			"dev": true,
			"license": "Apache-2.0",
			"bin": {
				"tsgo": "bin/tsgo.js"
			},
			"optionalDependencies": {
				"@typescript/native-preview-darwin-arm64": "7.0.0-dev.20251108.1",
				"@typescript/native-preview-darwin-x64": "7.0.0-dev.20251108.1",
				"@typescript/native-preview-linux-arm": "7.0.0-dev.20251108.1",
				"@typescript/native-preview-linux-arm64": "7.0.0-dev.20251108.1",
				"@typescript/native-preview-linux-x64": "7.0.0-dev.20251108.1",
				"@typescript/native-preview-win32-arm64": "7.0.0-dev.20251108.1",
				"@typescript/native-preview-win32-x64": "7.0.0-dev.20251108.1"
			}
		},
		"node_modules/@typescript/native-preview-darwin-arm64": {
			"version": "7.0.0-dev.20251108.1",
			"resolved": "https://registry.npmjs.org/@typescript/native-preview-darwin-arm64/-/native-preview-darwin-arm64-7.0.0-dev.20251108.1.tgz",
			"integrity": "sha512-zdD59CWlvJum9hu7Rrb7xntGfkeTlki7Pql/s+Ls0sNSEGimjuJmU88ookUt2UMPLZ9S+RyGfjNbS7duhKuCIw==",
			"cpu": [
				"arm64"
			],
			"dev": true,
			"license": "Apache-2.0",
			"optional": true,
			"os": [
				"darwin"
			]
		},
		"node_modules/@typescript/native-preview-darwin-x64": {
			"version": "7.0.0-dev.20251108.1",
			"resolved": "https://registry.npmjs.org/@typescript/native-preview-darwin-x64/-/native-preview-darwin-x64-7.0.0-dev.20251108.1.tgz",
			"integrity": "sha512-nxs1vOm6jkwZoA56d6E2pllhYbxK2xNtspG2Yx9kswdp0aqh2jcja1EjMilHv4tnvNixRQvRWhoOz/BgWrxTig==",
			"cpu": [
				"x64"
			],
			"dev": true,
			"license": "Apache-2.0",
			"optional": true,
			"os": [
				"darwin"
			]
		},
		"node_modules/@typescript/native-preview-linux-arm": {
			"version": "7.0.0-dev.20251108.1",
			"resolved": "https://registry.npmjs.org/@typescript/native-preview-linux-arm/-/native-preview-linux-arm-7.0.0-dev.20251108.1.tgz",
			"integrity": "sha512-+1UuKod2SJZODnArwHViJEhZxgM1aHK5KCGlHJU61htq3jgNtRfouw4UEJRPTALCnGLun8ZpYuMsJUMeDFFIUQ==",
			"cpu": [
				"arm"
			],
			"dev": true,
			"license": "Apache-2.0",
			"optional": true,
			"os": [
				"linux"
			]
		},
		"node_modules/@typescript/native-preview-linux-arm64": {
			"version": "7.0.0-dev.20251108.1",
			"resolved": "https://registry.npmjs.org/@typescript/native-preview-linux-arm64/-/native-preview-linux-arm64-7.0.0-dev.20251108.1.tgz",
			"integrity": "sha512-Er0P4Dt6fBM6MZidGBKGZs5PS2QHunRPNeIKCATJRcBMn8ymSBdi/IJK/wYVU62HW8CLb1Dt3FbueW5UptSAKA==",
			"cpu": [
				"arm64"
			],
			"dev": true,
			"license": "Apache-2.0",
			"optional": true,
			"os": [
				"linux"
			]
		},
		"node_modules/@typescript/native-preview-linux-x64": {
			"version": "7.0.0-dev.20251108.1",
			"resolved": "https://registry.npmjs.org/@typescript/native-preview-linux-x64/-/native-preview-linux-x64-7.0.0-dev.20251108.1.tgz",
			"integrity": "sha512-3ijz+Uo8unENgq22nlyThf1JqhLVOwN881gomoAykALmspXX13aQwnDtbscnQRr1iQqMIrEyyRMwxfVevQkl9w==",
			"cpu": [
				"x64"
			],
			"dev": true,
			"license": "Apache-2.0",
			"optional": true,
			"os": [
				"linux"
			]
		},
		"node_modules/@typescript/native-preview-win32-arm64": {
			"version": "7.0.0-dev.20251108.1",
			"resolved": "https://registry.npmjs.org/@typescript/native-preview-win32-arm64/-/native-preview-win32-arm64-7.0.0-dev.20251108.1.tgz",
			"integrity": "sha512-Aeyrj7sdc6GBnLIw9o5dQPzEqrfsJodDYsi7RePm0QLvGVyxOeZVd9CcfdXqPKnD2goEJNOzFoTRyvvi7DjNUg==",
			"cpu": [
				"arm64"
			],
			"dev": true,
			"license": "Apache-2.0",
			"optional": true,
			"os": [
				"win32"
			]
		},
		"node_modules/@typescript/native-preview-win32-x64": {
			"version": "7.0.0-dev.20251108.1",
			"resolved": "https://registry.npmjs.org/@typescript/native-preview-win32-x64/-/native-preview-win32-x64-7.0.0-dev.20251108.1.tgz",
			"integrity": "sha512-rgfq7AZ7IFfE5EyDuHdpDEPUH3LEesyOVuIHE6YWOSqGOFnlzYbOf37VUYxQTIxFrR7IopgvM4pSDR3KeDcMjQ==",
			"cpu": [
				"x64"
			],
			"dev": true,
			"license": "Apache-2.0",
			"optional": true,
			"os": [
				"win32"
			]
		},
		"node_modules/acorn": {
			"version": "8.15.0",
			"dev": true,
			"license": "MIT",
			"bin": {
				"acorn": "bin/acorn"
			},
			"engines": {
				"node": ">=0.4.0"
			}
		},
		"node_modules/acorn-walk": {
			"version": "8.3.4",
			"dev": true,
			"license": "MIT",
			"dependencies": {
				"acorn": "^8.11.0"
			},
			"engines": {
				"node": ">=0.4.0"
			}
		},
		"node_modules/arg": {
			"version": "4.1.3",
			"dev": true,
			"license": "MIT"
		},
		"node_modules/create-require": {
			"version": "1.1.1",
			"dev": true,
			"license": "MIT"
		},
		"node_modules/diff": {
			"version": "4.0.2",
			"dev": true,
			"license": "BSD-3-Clause",
			"engines": {
				"node": ">=0.3.1"
			}
		},
		"node_modules/find-root": {
			"version": "1.1.0",
			"dev": true,
			"license": "MIT"
		},
		"node_modules/isexe": {
			"version": "2.0.0",
			"dev": true,
			"license": "ISC"
		},
		"node_modules/make-error": {
			"version": "1.3.6",
			"dev": true,
			"license": "ISC"
		},
		"node_modules/nan": {
			"version": "2.23.1",
			"dev": true,
			"license": "MIT"
		},
		"node_modules/node-addon-api": {
			"version": "7.1.1",
			"dev": true,
			"license": "MIT"
		},
		"node_modules/node-gyp-build": {
			"version": "4.8.4",
			"dev": true,
			"license": "MIT",
			"bin": {
				"node-gyp-build": "bin.js",
				"node-gyp-build-optional": "optional.js",
				"node-gyp-build-test": "build-test.js"
			}
		},
		"node_modules/oxlint": {
			"version": "1.26.0",
			"resolved": "https://registry.npmjs.org/oxlint/-/oxlint-1.26.0.tgz",
			"integrity": "sha512-KRpL+SMi07JQyggv5ldIF+wt2pnrKm8NLW0B+8bK+0HZsLmH9/qGA+qMWie5Vf7lnlMBllJmsuzHaKFEGY3rIA==",
			"dev": true,
			"license": "MIT",
			"bin": {
				"oxc_language_server": "bin/oxc_language_server",
				"oxlint": "bin/oxlint"
			},
			"engines": {
				"node": "^20.19.0 || >=22.12.0"
			},
			"funding": {
				"url": "https://github.com/sponsors/Boshen"
			},
			"optionalDependencies": {
				"@oxlint/darwin-arm64": "1.26.0",
				"@oxlint/darwin-x64": "1.26.0",
				"@oxlint/linux-arm64-gnu": "1.26.0",
				"@oxlint/linux-arm64-musl": "1.26.0",
				"@oxlint/linux-x64-gnu": "1.26.0",
				"@oxlint/linux-x64-musl": "1.26.0",
				"@oxlint/win32-arm64": "1.26.0",
				"@oxlint/win32-x64": "1.26.0"
			},
			"peerDependencies": {
				"oxlint-tsgolint": ">=0.4.0"
			},
			"peerDependenciesMeta": {
				"oxlint-tsgolint": {
					"optional": true
				}
			}
		},
		"node_modules/tree-sitter-c": {
			"version": "0.24.1",
			"resolved": "https://registry.npmjs.org/tree-sitter-c/-/tree-sitter-c-0.24.1.tgz",
			"integrity": "sha512-lkYwWN3SRecpvaeqmFKkuPNR3ZbtnvHU+4XAEEkJdrp3JfSp2pBrhXOtvfsENUneye76g889Y0ddF2DM0gEDpA==",
			"dev": true,
			"hasInstallScript": true,
			"license": "MIT",
			"dependencies": {
				"node-addon-api": "^8.3.1",
				"node-gyp-build": "^4.8.4"
			},
			"peerDependencies": {
				"tree-sitter": "^0.22.4"
			},
			"peerDependenciesMeta": {
				"tree-sitter": {
					"optional": true
				}
			}
		},
		"node_modules/tree-sitter-c-sharp": {
			"version": "0.23.1",
			"resolved": "https://registry.npmjs.org/tree-sitter-c-sharp/-/tree-sitter-c-sharp-0.23.1.tgz",
			"integrity": "sha512-9zZ4FlcTRWWfRf6f4PgGhG8saPls6qOOt75tDfX7un9vQZJmARjPrAC6yBNCX2T/VKcCjIDbgq0evFaB3iGhQw==",
			"dev": true,
			"hasInstallScript": true,
			"license": "MIT",
			"dependencies": {
				"node-addon-api": "^8.2.2",
				"node-gyp-build": "^4.8.2"
			},
			"peerDependencies": {
				"tree-sitter": "^0.21.1"
			},
			"peerDependenciesMeta": {
				"tree-sitter": {
					"optional": true
				}
			}
		},
		"node_modules/tree-sitter-c-sharp/node_modules/node-addon-api": {
			"version": "8.5.0",
			"resolved": "https://registry.npmjs.org/node-addon-api/-/node-addon-api-8.5.0.tgz",
			"integrity": "sha512-/bRZty2mXUIFY/xU5HLvveNHlswNJej+RnxBjOMkidWfwZzgTbPG1E3K5TOxRLOR+5hX7bSofy8yf1hZevMS8A==",
			"dev": true,
			"license": "MIT",
			"engines": {
				"node": "^18 || ^20 || >= 21"
			}
		},
		"node_modules/tree-sitter-c/node_modules/node-addon-api": {
			"version": "8.5.0",
			"resolved": "https://registry.npmjs.org/node-addon-api/-/node-addon-api-8.5.0.tgz",
			"integrity": "sha512-/bRZty2mXUIFY/xU5HLvveNHlswNJej+RnxBjOMkidWfwZzgTbPG1E3K5TOxRLOR+5hX7bSofy8yf1hZevMS8A==",
			"dev": true,
			"license": "MIT",
			"engines": {
				"node": "^18 || ^20 || >= 21"
			}
		},
		"node_modules/tree-sitter-cli": {
			"version": "0.25.10",
			"resolved": "https://registry.npmjs.org/tree-sitter-cli/-/tree-sitter-cli-0.25.10.tgz",
			"integrity": "sha512-KoebQguKMCIghisEOdA372TIbrUl0kdnfZ9YQIBRAeOvNSKe85XbU4LuFW7hduRUwJj0rAG7pX5wo9sZhbBF1g==",
			"dev": true,
			"hasInstallScript": true,
			"license": "MIT",
			"bin": {
				"tree-sitter": "cli.js"
			},
			"engines": {
				"node": ">=12.0.0"
			}
		},
		"node_modules/tree-sitter-cpp": {
			"version": "0.23.4",
			"resolved": "https://registry.npmjs.org/tree-sitter-cpp/-/tree-sitter-cpp-0.23.4.tgz",
			"integrity": "sha512-qR5qUDyhZ5jJ6V8/umiBxokRbe89bCGmcq/dk94wI4kN86qfdV8k0GHIUEKaqWgcu42wKal5E97LKpLeVW8sKw==",
			"dev": true,
			"hasInstallScript": true,
			"license": "MIT",
			"dependencies": {
				"node-addon-api": "^8.2.1",
				"node-gyp-build": "^4.8.2",
				"tree-sitter-c": "^0.23.1"
			},
			"peerDependencies": {
				"tree-sitter": "^0.21.1"
			},
			"peerDependenciesMeta": {
				"tree-sitter": {
					"optional": true
				}
			}
		},
		"node_modules/tree-sitter-cpp/node_modules/node-addon-api": {
			"version": "8.5.0",
			"resolved": "https://registry.npmjs.org/node-addon-api/-/node-addon-api-8.5.0.tgz",
			"integrity": "sha512-/bRZty2mXUIFY/xU5HLvveNHlswNJej+RnxBjOMkidWfwZzgTbPG1E3K5TOxRLOR+5hX7bSofy8yf1hZevMS8A==",
			"dev": true,
			"license": "MIT",
			"engines": {
				"node": "^18 || ^20 || >= 21"
			}
		},
		"node_modules/tree-sitter-cpp/node_modules/tree-sitter-c": {
			"version": "0.23.6",
			"resolved": "https://registry.npmjs.org/tree-sitter-c/-/tree-sitter-c-0.23.6.tgz",
			"integrity": "sha512-0dxXKznVyUA0s6PjNolJNs2yF87O5aL538A/eR6njA5oqX3C3vH4vnx3QdOKwuUdpKEcFdHuiDpRKLLCA/tjvQ==",
			"dev": true,
			"hasInstallScript": true,
			"license": "MIT",
			"dependencies": {
				"node-addon-api": "^8.3.0",
				"node-gyp-build": "^4.8.4"
			},
			"peerDependencies": {
				"tree-sitter": "^0.22.1"
			},
			"peerDependenciesMeta": {
				"tree-sitter": {
					"optional": true
				}
			}
		},
		"node_modules/tree-sitter-css": {
			"version": "0.25.0",
			"resolved": "https://registry.npmjs.org/tree-sitter-css/-/tree-sitter-css-0.25.0.tgz",
			"integrity": "sha512-FRc9R8ePrwJiUhZsuZ/wcFQ3K8Z+9yCgDrrUjuYswGWlN89UvcB9vslTUGZElQWGwhS8sUw3/r2n4lpb2sxT4Q==",
			"dev": true,
			"hasInstallScript": true,
			"license": "MIT",
			"dependencies": {
				"node-addon-api": "^8.5.0",
				"node-gyp-build": "^4.8.4"
			},
			"funding": {
				"url": "https://github.com/sponsors/tree-sitter"
			},
			"peerDependencies": {
				"tree-sitter": "^0.25.0"
			},
			"peerDependenciesMeta": {
				"tree-sitter": {
					"optional": true
				}
			}
		},
		"node_modules/tree-sitter-css/node_modules/node-addon-api": {
			"version": "8.5.0",
			"resolved": "https://registry.npmjs.org/node-addon-api/-/node-addon-api-8.5.0.tgz",
			"integrity": "sha512-/bRZty2mXUIFY/xU5HLvveNHlswNJej+RnxBjOMkidWfwZzgTbPG1E3K5TOxRLOR+5hX7bSofy8yf1hZevMS8A==",
			"dev": true,
			"license": "MIT",
			"engines": {
				"node": "^18 || ^20 || >= 21"
			}
		},
		"node_modules/tree-sitter-dart": {
			"version": "1.0.0",
			"resolved": "git+ssh://git@github.com/UserNobody14/tree-sitter-dart.git#d4d8f3e337d8be23be27ffc35a0aef972343cd54",
			"dev": true,
			"hasInstallScript": true,
			"license": "ISC",
			"dependencies": {
				"node-addon-api": "^7.1.0",
				"node-gyp-build": "^4.8.0"
			},
			"peerDependencies": {
				"tree-sitter": "^0.25.0"
			},
			"peerDependenciesMeta": {
				"tree_sitter": {
					"optional": true
				}
			}
		},
		"node_modules/tree-sitter-go": {
			"version": "0.25.0",
			"resolved": "https://registry.npmjs.org/tree-sitter-go/-/tree-sitter-go-0.25.0.tgz",
			"integrity": "sha512-APBc/Dq3xz/e35Xpkhb1blu5UgW+2E3RyGWawZSCNcbGwa7jhSQPS8KsUupuzBla8PCo8+lz9W/JDJjmfRa2tw==",
			"dev": true,
			"hasInstallScript": true,
			"license": "MIT",
			"dependencies": {
				"node-addon-api": "^8.3.1",
				"node-gyp-build": "^4.8.4"
			},
			"peerDependencies": {
				"tree-sitter": "^0.25.0"
			},
			"peerDependenciesMeta": {
				"tree-sitter": {
					"optional": true
				}
			}
		},
		"node_modules/tree-sitter-go/node_modules/node-addon-api": {
			"version": "8.5.0",
			"resolved": "https://registry.npmjs.org/node-addon-api/-/node-addon-api-8.5.0.tgz",
			"integrity": "sha512-/bRZty2mXUIFY/xU5HLvveNHlswNJej+RnxBjOMkidWfwZzgTbPG1E3K5TOxRLOR+5hX7bSofy8yf1hZevMS8A==",
			"dev": true,
			"license": "MIT",
			"engines": {
				"node": "^18 || ^20 || >= 21"
			}
		},
		"node_modules/tree-sitter-html": {
			"version": "0.20.4",
			"resolved": "https://registry.npmjs.org/tree-sitter-html/-/tree-sitter-html-0.20.4.tgz",
			"integrity": "sha512-IUE82HgrxGXMiq5xYkAV6VYt+txcqIo4yPUEvq43UIabCKeEUqDOEOmCE9W9mQ2c3392VJEXOPzlpd7VuX1c6Q==",
			"dev": true,
			"hasInstallScript": true,
			"license": "MIT",
			"dependencies": {
				"node-addon-api": "^8.0.0",
				"node-gyp-build": "^4.8.1"
			},
			"peerDependencies": {
				"tree-sitter": "^0.21.1"
			},
			"peerDependenciesMeta": {
				"tree_sitter": {
					"optional": true
				}
			}
		},
		"node_modules/tree-sitter-html/node_modules/node-addon-api": {
			"version": "8.5.0",
			"resolved": "https://registry.npmjs.org/node-addon-api/-/node-addon-api-8.5.0.tgz",
			"integrity": "sha512-/bRZty2mXUIFY/xU5HLvveNHlswNJej+RnxBjOMkidWfwZzgTbPG1E3K5TOxRLOR+5hX7bSofy8yf1hZevMS8A==",
			"dev": true,
			"license": "MIT",
			"engines": {
				"node": "^18 || ^20 || >= 21"
			}
		},
		"node_modules/tree-sitter-java": {
			"version": "0.23.5",
			"resolved": "https://registry.npmjs.org/tree-sitter-java/-/tree-sitter-java-0.23.5.tgz",
			"integrity": "sha512-Yju7oQ0Xx7GcUT01mUglPP+bYfvqjNCGdxqigTnew9nLGoII42PNVP3bHrYeMxswiCRM0yubWmN5qk+zsg0zMA==",
			"dev": true,
			"hasInstallScript": true,
			"license": "MIT",
			"dependencies": {
				"node-addon-api": "^8.2.2",
				"node-gyp-build": "^4.8.2"
			},
			"peerDependencies": {
				"tree-sitter": "^0.21.1"
			},
			"peerDependenciesMeta": {
				"tree-sitter": {
					"optional": true
				}
			}
		},
		"node_modules/tree-sitter-java/node_modules/node-addon-api": {
			"version": "8.5.0",
			"resolved": "https://registry.npmjs.org/node-addon-api/-/node-addon-api-8.5.0.tgz",
			"integrity": "sha512-/bRZty2mXUIFY/xU5HLvveNHlswNJej+RnxBjOMkidWfwZzgTbPG1E3K5TOxRLOR+5hX7bSofy8yf1hZevMS8A==",
			"dev": true,
			"license": "MIT",
			"engines": {
				"node": "^18 || ^20 || >= 21"
			}
		},
		"node_modules/tree-sitter-javascript": {
			"version": "0.25.0",
			"resolved": "https://registry.npmjs.org/tree-sitter-javascript/-/tree-sitter-javascript-0.25.0.tgz",
			"integrity": "sha512-1fCbmzAskZkxcZzN41sFZ2br2iqTYP3tKls1b/HKGNPQUVOpsUxpmGxdN/wMqAk3jYZnYBR1dd/y/0avMeU7dw==",
			"dev": true,
			"hasInstallScript": true,
			"license": "MIT",
			"dependencies": {
				"node-addon-api": "^8.3.1",
				"node-gyp-build": "^4.8.4"
			},
			"peerDependencies": {
				"tree-sitter": "^0.25.0"
			},
			"peerDependenciesMeta": {
				"tree-sitter": {
					"optional": true
				}
			}
		},
		"node_modules/tree-sitter-javascript/node_modules/node-addon-api": {
			"version": "8.5.0",
			"resolved": "https://registry.npmjs.org/node-addon-api/-/node-addon-api-8.5.0.tgz",
			"integrity": "sha512-/bRZty2mXUIFY/xU5HLvveNHlswNJej+RnxBjOMkidWfwZzgTbPG1E3K5TOxRLOR+5hX7bSofy8yf1hZevMS8A==",
			"dev": true,
			"license": "MIT",
			"engines": {
				"node": "^18 || ^20 || >= 21"
			}
		},
		"node_modules/tree-sitter-php": {
			"version": "0.24.2",
			"resolved": "https://registry.npmjs.org/tree-sitter-php/-/tree-sitter-php-0.24.2.tgz",
			"integrity": "sha512-zwgAePc/HozNaWOOfwRAA+3p8yhuehRw8Fb7vn5qd2XjiIc93uJPryDTMYTSjBRjVIUg/KY6pM3rRzs8dSwKfw==",
			"dev": true,
			"hasInstallScript": true,
			"license": "MIT",
			"dependencies": {
				"node-addon-api": "^8.2.2",
				"node-gyp-build": "^4.8.2"
			},
			"peerDependencies": {
				"tree-sitter": "^0.22.4"
			},
			"peerDependenciesMeta": {
				"tree-sitter": {
					"optional": true
				}
			}
		},
		"node_modules/tree-sitter-php/node_modules/node-addon-api": {
			"version": "8.5.0",
			"dev": true,
			"license": "MIT",
			"engines": {
				"node": "^18 || ^20 || >= 21"
			}
		},
		"node_modules/tree-sitter-python": {
			"version": "0.25.0",
			"resolved": "https://registry.npmjs.org/tree-sitter-python/-/tree-sitter-python-0.25.0.tgz",
			"integrity": "sha512-eCmJx6zQa35GxaCtQD+wXHOhYqBxEL+bp71W/s3fcDMu06MrtzkVXR437dRrCrbrDbyLuUDJpAgycs7ncngLXw==",
			"dev": true,
			"hasInstallScript": true,
			"license": "MIT",
			"dependencies": {
				"node-addon-api": "^8.5.0",
				"node-gyp-build": "^4.8.4"
			},
			"peerDependencies": {
				"tree-sitter": "^0.25.0"
			},
			"peerDependenciesMeta": {
				"tree-sitter": {
					"optional": true
				}
			}
		},
		"node_modules/tree-sitter-python/node_modules/node-addon-api": {
			"version": "8.5.0",
			"resolved": "https://registry.npmjs.org/node-addon-api/-/node-addon-api-8.5.0.tgz",
			"integrity": "sha512-/bRZty2mXUIFY/xU5HLvveNHlswNJej+RnxBjOMkidWfwZzgTbPG1E3K5TOxRLOR+5hX7bSofy8yf1hZevMS8A==",
			"dev": true,
			"license": "MIT",
			"engines": {
				"node": "^18 || ^20 || >= 21"
			}
		},
		"node_modules/tree-sitter-ruby": {
			"version": "0.23.1",
			"resolved": "https://registry.npmjs.org/tree-sitter-ruby/-/tree-sitter-ruby-0.23.1.tgz",
			"integrity": "sha512-d9/RXgWjR6HanN7wTYhS5bpBQLz1VkH048Vm3CodPGyJVnamXMGb8oEhDypVCBq4QnHui9sTXuJBBP3WtCw5RA==",
			"dev": true,
			"hasInstallScript": true,
			"license": "MIT",
			"dependencies": {
				"node-addon-api": "^8.2.2",
				"node-gyp-build": "^4.8.2"
			},
			"peerDependencies": {
				"tree-sitter": "^0.21.1"
			},
			"peerDependenciesMeta": {
				"tree-sitter": {
					"optional": true
				}
			}
		},
		"node_modules/tree-sitter-ruby/node_modules/node-addon-api": {
			"version": "8.5.0",
			"resolved": "https://registry.npmjs.org/node-addon-api/-/node-addon-api-8.5.0.tgz",
			"integrity": "sha512-/bRZty2mXUIFY/xU5HLvveNHlswNJej+RnxBjOMkidWfwZzgTbPG1E3K5TOxRLOR+5hX7bSofy8yf1hZevMS8A==",
			"dev": true,
			"license": "MIT",
			"engines": {
				"node": "^18 || ^20 || >= 21"
			}
		},
		"node_modules/tree-sitter-rust": {
			"version": "0.24.0",
			"resolved": "https://registry.npmjs.org/tree-sitter-rust/-/tree-sitter-rust-0.24.0.tgz",
			"integrity": "sha512-NWemUDf629Tfc90Y0Z55zuwPCAHkLxWnMf2RznYu4iBkkrQl2o/CHGB7Cr52TyN5F1DAx8FmUnDtCy9iUkXZEQ==",
			"dev": true,
			"hasInstallScript": true,
			"license": "MIT",
			"dependencies": {
				"node-addon-api": "^8.2.2",
				"node-gyp-build": "^4.8.4"
			},
			"peerDependencies": {
				"tree-sitter": "^0.22.1"
			},
			"peerDependenciesMeta": {
				"tree-sitter": {
					"optional": true
				}
			}
		},
		"node_modules/tree-sitter-rust/node_modules/node-addon-api": {
			"version": "8.5.0",
			"resolved": "https://registry.npmjs.org/node-addon-api/-/node-addon-api-8.5.0.tgz",
			"integrity": "sha512-/bRZty2mXUIFY/xU5HLvveNHlswNJej+RnxBjOMkidWfwZzgTbPG1E3K5TOxRLOR+5hX7bSofy8yf1hZevMS8A==",
			"dev": true,
			"license": "MIT",
			"engines": {
				"node": "^18 || ^20 || >= 21"
			}
		},
		"node_modules/tree-sitter-solidity": {
			"version": "1.2.13",
			"resolved": "git+ssh://git@github.com/JoranHonig/tree-sitter-solidity.git#4e938a46c7030dd001bc99e1ac0f0c750ac98254",
			"integrity": "sha512-7RBiQfyMzcoK4c5EEOqoz1txCJ9H6JBjtfBBS3p7CbqHv9ZiRw1AxPbsC9Ikw6jhU0BsoHuTxjxblZ78v+RKZA==",
			"dev": true,
			"hasInstallScript": true,
			"license": "MIT",
			"dependencies": {
				"node-addon-api": "^8.2.2",
				"node-gyp-build": "^4.8.2",
				"yarn": "^1.22.21"
			},
			"peerDependencies": {
				"tree-sitter": "^0.25.0"
			},
			"peerDependenciesMeta": {
				"tree_sitter": {
					"optional": true
				}
			}
		},
		"node_modules/tree-sitter-solidity/node_modules/node-addon-api": {
			"version": "8.5.0",
			"resolved": "https://registry.npmjs.org/node-addon-api/-/node-addon-api-8.5.0.tgz",
			"integrity": "sha512-/bRZty2mXUIFY/xU5HLvveNHlswNJej+RnxBjOMkidWfwZzgTbPG1E3K5TOxRLOR+5hX7bSofy8yf1hZevMS8A==",
			"dev": true,
			"license": "MIT",
			"engines": {
				"node": "^18 || ^20 || >= 21"
			}
		},
		"node_modules/tree-sitter-swift": {
			"version": "0.7.1",
			"resolved": "https://registry.npmjs.org/tree-sitter-swift/-/tree-sitter-swift-0.7.1.tgz",
			"integrity": "sha512-pneKVTuGamaBsqqqfB9BvNQjktzh/0IVPR54jLB5Fq/JTDQwYHd0Wo6pVyZ5jAYpbztzq+rJ/rpL9ruxTmSoKw==",
			"dev": true,
			"hasInstallScript": true,
			"license": "MIT",
			"dependencies": {
				"node-addon-api": "^8.0.0",
				"node-gyp-build": "^4.8.0",
				"tree-sitter-cli": "^0.23",
				"which": "2.0.2"
			},
			"peerDependencies": {
				"tree-sitter": "^0.22.1"
			},
			"peerDependenciesMeta": {
				"tree_sitter": {
					"optional": true
				}
			}
		},
		"node_modules/tree-sitter-swift/node_modules/node-addon-api": {
			"version": "8.5.0",
			"resolved": "https://registry.npmjs.org/node-addon-api/-/node-addon-api-8.5.0.tgz",
			"integrity": "sha512-/bRZty2mXUIFY/xU5HLvveNHlswNJej+RnxBjOMkidWfwZzgTbPG1E3K5TOxRLOR+5hX7bSofy8yf1hZevMS8A==",
			"dev": true,
			"license": "MIT",
			"engines": {
				"node": "^18 || ^20 || >= 21"
			}
		},
		"node_modules/tree-sitter-swift/node_modules/tree-sitter-cli": {
			"version": "0.23.2",
			"resolved": "https://registry.npmjs.org/tree-sitter-cli/-/tree-sitter-cli-0.23.2.tgz",
			"integrity": "sha512-kPPXprOqREX+C/FgUp2Qpt9jd0vSwn+hOgjzVv/7hapdoWpa+VeWId53rf4oNNd29ikheF12BYtGD/W90feMbA==",
			"dev": true,
			"hasInstallScript": true,
			"license": "MIT",
			"bin": {
				"tree-sitter": "cli.js"
			},
			"engines": {
				"node": ">=12.0.0"
			}
		},
		"node_modules/tree-sitter-typescript": {
			"version": "0.23.2",
			"resolved": "https://registry.npmjs.org/tree-sitter-typescript/-/tree-sitter-typescript-0.23.2.tgz",
			"integrity": "sha512-e04JUUKxTT53/x3Uq1zIL45DoYKVfHH4CZqwgZhPg5qYROl5nQjV+85ruFzFGZxu+QeFVbRTPDRnqL9UbU4VeA==",
			"dev": true,
			"hasInstallScript": true,
			"license": "MIT",
			"dependencies": {
				"node-addon-api": "^8.2.2",
				"node-gyp-build": "^4.8.2",
				"tree-sitter-javascript": "^0.23.1"
			},
			"peerDependencies": {
				"tree-sitter": "^0.21.0"
			},
			"peerDependenciesMeta": {
				"tree-sitter": {
					"optional": true
				}
			}
		},
		"node_modules/tree-sitter-typescript/node_modules/node-addon-api": {
			"version": "8.5.0",
			"resolved": "https://registry.npmjs.org/node-addon-api/-/node-addon-api-8.5.0.tgz",
			"integrity": "sha512-/bRZty2mXUIFY/xU5HLvveNHlswNJej+RnxBjOMkidWfwZzgTbPG1E3K5TOxRLOR+5hX7bSofy8yf1hZevMS8A==",
			"dev": true,
			"license": "MIT",
			"engines": {
				"node": "^18 || ^20 || >= 21"
			}
		},
		"node_modules/tree-sitter-typescript/node_modules/tree-sitter-javascript": {
			"version": "0.23.1",
			"resolved": "https://registry.npmjs.org/tree-sitter-javascript/-/tree-sitter-javascript-0.23.1.tgz",
			"integrity": "sha512-/bnhbrTD9frUYHQTiYnPcxyHORIw157ERBa6dqzaKxvR/x3PC4Yzd+D1pZIMS6zNg2v3a8BZ0oK7jHqsQo9fWA==",
			"dev": true,
			"hasInstallScript": true,
			"license": "MIT",
			"dependencies": {
				"node-addon-api": "^8.2.2",
				"node-gyp-build": "^4.8.2"
			},
			"peerDependencies": {
				"tree-sitter": "^0.21.1"
			},
			"peerDependenciesMeta": {
				"tree-sitter": {
					"optional": true
				}
			}
		},
		"node_modules/tree-sitter-vue": {
			"version": "0.1.0",
			"resolved": "git+ssh://git@github.com/tree-sitter-grammars/tree-sitter-vue.git#22bdfa6c9fc0f5ffa44c6e938ec46869ac8a99ff",
			"integrity": "sha512-4tNA86dSBbw9eb1gBco6zqLadkYoA7IN3gXFOBvGNB1CzcXrdUphwFl8NAXRyhbbic5QLyT/Z37JAOpMd0Dw0w==",
			"dev": true,
			"hasInstallScript": true,
			"license": "MIT",
			"dependencies": {
				"nan": "^2.18.0",
				"tree-sitter-html": "^0.20.1"
			}
		},
		"node_modules/ts-node": {
			"version": "10.9.2",
			"dev": true,
			"license": "MIT",
			"dependencies": {
				"@cspotcode/source-map-support": "^0.8.0",
				"@tsconfig/node10": "^1.0.7",
				"@tsconfig/node12": "^1.0.7",
				"@tsconfig/node14": "^1.0.0",
				"@tsconfig/node16": "^1.0.2",
				"acorn": "^8.4.1",
				"acorn-walk": "^8.1.1",
				"arg": "^4.1.0",
				"create-require": "^1.1.0",
				"diff": "^4.0.1",
				"make-error": "^1.1.1",
				"v8-compile-cache-lib": "^3.0.1",
				"yn": "3.1.1"
			},
			"bin": {
				"ts-node": "dist/bin.js",
				"ts-node-cwd": "dist/bin-cwd.js",
				"ts-node-esm": "dist/bin-esm.js",
				"ts-node-script": "dist/bin-script.js",
				"ts-node-transpile-only": "dist/bin-transpile.js",
				"ts-script": "dist/bin-script-deprecated.js"
			},
			"peerDependencies": {
				"@swc/core": ">=1.2.50",
				"@swc/wasm": ">=1.2.50",
				"@types/node": "*",
				"typescript": ">=2.7"
			},
			"peerDependenciesMeta": {
				"@swc/core": {
					"optional": true
				},
				"@swc/wasm": {
					"optional": true
				}
			}
		},
		"node_modules/typescript": {
			"version": "5.9.3",
			"resolved": "https://registry.npmjs.org/typescript/-/typescript-5.9.3.tgz",
			"integrity": "sha512-jl1vZzPDinLr9eUt3J/t7V6FgNEw9QjvBPdysz9KfQDD41fQrC2Y4vKQdiaUpFT4bXlb1RHhLpp8wtm6M5TgSw==",
			"dev": true,
			"license": "Apache-2.0",
			"bin": {
				"tsc": "bin/tsc",
				"tsserver": "bin/tsserver"
			},
			"engines": {
				"node": ">=14.17"
			}
		},
		"node_modules/undici-types": {
			"version": "7.16.0",
			"resolved": "https://registry.npmjs.org/undici-types/-/undici-types-7.16.0.tgz",
			"integrity": "sha512-Zz+aZWSj8LE6zoxD+xrjh4VfkIG8Ya6LvYkZqtUQGJPZjYl53ypCaUwWqo7eI0x66KBGeRo+mlBEkMSeSZ38Nw==",
			"dev": true,
			"license": "MIT"
		},
		"node_modules/v8-compile-cache-lib": {
			"version": "3.0.1",
			"dev": true,
			"license": "MIT"
		},
		"node_modules/which": {
			"version": "2.0.2",
			"dev": true,
			"license": "ISC",
			"dependencies": {
				"isexe": "^2.0.0"
			},
			"bin": {
				"node-which": "bin/node-which"
			},
			"engines": {
				"node": ">= 8"
			}
		},
		"node_modules/yarn": {
			"version": "1.22.22",
			"dev": true,
			"hasInstallScript": true,
			"license": "BSD-2-Clause",
			"bin": {
				"yarn": "bin/yarn.js",
				"yarnpkg": "bin/yarn.js"
			},
			"engines": {
				"node": ">=4.0.0"
			}
		},
		"node_modules/yn": {
			"version": "3.1.1",
			"dev": true,
			"license": "MIT",
			"engines": {
				"node": ">=6"
			}
		}
	}
}
